// !$*UTF8*$!
{
	archiveVersion = 1;
	classes = {
	};
	objectVersion = 56;
	objects = {

/* Begin PBXBuildFile section */
		054231AD2BB7C59A00A4B785 /* AppDelegate.swift in Sources */ = {isa = PBXBuildFile; fileRef = 054231AC2BB7C59A00A4B785 /* AppDelegate.swift */; };
		05BEF2352BB7C3BE0045D839 /* Hijri_Menu_BarApp.swift in Sources */ = {isa = PBXBuildFile; fileRef = 05BEF2342BB7C3BE0045D839 /* Hijri_Menu_BarApp.swift */; };
		05BEF2372BB7C3BE0045D839 /* StatusItemView.swift in Sources */ = {isa = PBXBuildFile; fileRef = 05BEF2362BB7C3BE0045D839 /* StatusItemView.swift */; };
		05BEF2392BB7C3C00045D839 /* Assets.xcassets in Resources */ = {isa = PBXBuildFile; fileRef = 05BEF2382BB7C3C00045D839 /* Assets.xcassets */; };
		05BEF23C2BB7C3C00045D839 /* Preview Assets.xcassets in Resources */ = {isa = PBXBuildFile; fileRef = 05BEF23B2BB7C3C00045D839 /* Preview Assets.xcassets */; };
		05BEF2472BB7C3C00045D839 /* Hijri_Menu_BarTests.swift in Sources */ = {isa = PBXBuildFile; fileRef = 05BEF2462BB7C3C00045D839 /* Hijri_Menu_BarTests.swift */; };
		05BEF2512BB7C3C00045D839 /* Hijri_Menu_BarUITests.swift in Sources */ = {isa = PBXBuildFile; fileRef = 05BEF2502BB7C3C00045D839 /* Hijri_Menu_BarUITests.swift */; };
		05BEF2532BB7C3C00045D839 /* Hijri_Menu_BarUITestsLaunchTests.swift in Sources */ = {isa = PBXBuildFile; fileRef = 05BEF2522BB7C3C00045D839 /* Hijri_Menu_BarUITestsLaunchTests.swift */; };
		05FC92D02BBC93EB002BDDC0 /* InstructionsView.swift in Sources */ = {isa = PBXBuildFile; fileRef = 05FC92CF2BBC93EB002BDDC0 /* InstructionsView.swift */; };
/* End PBXBuildFile section */

/* Begin PBXContainerItemProxy section */
		05BEF2432BB7C3C00045D839 /* PBXContainerItemProxy */ = {
			isa = PBXContainerItemProxy;
			containerPortal = 05BEF2292BB7C3BE0045D839 /* Project object */;
			proxyType = 1;
			remoteGlobalIDString = 05BEF2302BB7C3BE0045D839;
			remoteInfo = "Hijri Menu Bar";
		};
		05BEF24D2BB7C3C00045D839 /* PBXContainerItemProxy */ = {
			isa = PBXContainerItemProxy;
			containerPortal = 05BEF2292BB7C3BE0045D839 /* Project object */;
			proxyType = 1;
			remoteGlobalIDString = 05BEF2302BB7C3BE0045D839;
			remoteInfo = "Hijri Menu Bar";
		};
/* End PBXContainerItemProxy section */

/* Begin PBXFileReference section */
		054231AC2BB7C59A00A4B785 /* AppDelegate.swift */ = {isa = PBXFileReference; lastKnownFileType = sourcecode.swift; path = AppDelegate.swift; sourceTree = "<group>"; };
		05BEF2312BB7C3BE0045D839 /* Hijri Menu Bar.app */ = {isa = PBXFileReference; explicitFileType = wrapper.application; includeInIndex = 0; path = "Hijri Menu Bar.app"; sourceTree = BUILT_PRODUCTS_DIR; };
		05BEF2342BB7C3BE0045D839 /* Hijri_Menu_BarApp.swift */ = {isa = PBXFileReference; lastKnownFileType = sourcecode.swift; path = Hijri_Menu_BarApp.swift; sourceTree = "<group>"; };
		05BEF2362BB7C3BE0045D839 /* StatusItemView.swift */ = {isa = PBXFileReference; lastKnownFileType = sourcecode.swift; path = StatusItemView.swift; sourceTree = "<group>"; };
		05BEF2382BB7C3C00045D839 /* Assets.xcassets */ = {isa = PBXFileReference; lastKnownFileType = folder.assetcatalog; path = Assets.xcassets; sourceTree = "<group>"; };
		05BEF23B2BB7C3C00045D839 /* Preview Assets.xcassets */ = {isa = PBXFileReference; lastKnownFileType = folder.assetcatalog; path = "Preview Assets.xcassets"; sourceTree = "<group>"; };
		05BEF23D2BB7C3C00045D839 /* Hijri_Menu_Bar.entitlements */ = {isa = PBXFileReference; lastKnownFileType = text.plist.entitlements; path = Hijri_Menu_Bar.entitlements; sourceTree = "<group>"; };
		05BEF2422BB7C3C00045D839 /* Hijri Menu BarTests.xctest */ = {isa = PBXFileReference; explicitFileType = wrapper.cfbundle; includeInIndex = 0; path = "Hijri Menu BarTests.xctest"; sourceTree = BUILT_PRODUCTS_DIR; };
		05BEF2462BB7C3C00045D839 /* Hijri_Menu_BarTests.swift */ = {isa = PBXFileReference; lastKnownFileType = sourcecode.swift; path = Hijri_Menu_BarTests.swift; sourceTree = "<group>"; };
		05BEF24C2BB7C3C00045D839 /* Hijri Menu BarUITests.xctest */ = {isa = PBXFileReference; explicitFileType = wrapper.cfbundle; includeInIndex = 0; path = "Hijri Menu BarUITests.xctest"; sourceTree = BUILT_PRODUCTS_DIR; };
		05BEF2502BB7C3C00045D839 /* Hijri_Menu_BarUITests.swift */ = {isa = PBXFileReference; lastKnownFileType = sourcecode.swift; path = Hijri_Menu_BarUITests.swift; sourceTree = "<group>"; };
		05BEF2522BB7C3C00045D839 /* Hijri_Menu_BarUITestsLaunchTests.swift */ = {isa = PBXFileReference; lastKnownFileType = sourcecode.swift; path = Hijri_Menu_BarUITestsLaunchTests.swift; sourceTree = "<group>"; };
		05FC92CF2BBC93EB002BDDC0 /* InstructionsView.swift */ = {isa = PBXFileReference; lastKnownFileType = sourcecode.swift; path = InstructionsView.swift; sourceTree = "<group>"; };
/* End PBXFileReference section */

/* Begin PBXFrameworksBuildPhase section */
		05BEF22E2BB7C3BE0045D839 /* Frameworks */ = {
			isa = PBXFrameworksBuildPhase;
			buildActionMask = 2147483647;
			files = (
			);
			runOnlyForDeploymentPostprocessing = 0;
		};
		05BEF23F2BB7C3C00045D839 /* Frameworks */ = {
			isa = PBXFrameworksBuildPhase;
			buildActionMask = 2147483647;
			files = (
			);
			runOnlyForDeploymentPostprocessing = 0;
		};
		05BEF2492BB7C3C00045D839 /* Frameworks */ = {
			isa = PBXFrameworksBuildPhase;
			buildActionMask = 2147483647;
			files = (
			);
			runOnlyForDeploymentPostprocessing = 0;
		};
/* End PBXFrameworksBuildPhase section */

/* Begin PBXGroup section */
		05BEF2282BB7C3BE0045D839 = {
			isa = PBXGroup;
			children = (
				05BEF2332BB7C3BE0045D839 /* Hijri Menu Bar */,
				05BEF2452BB7C3C00045D839 /* Hijri Menu BarTests */,
				05BEF24F2BB7C3C00045D839 /* Hijri Menu BarUITests */,
				05BEF2322BB7C3BE0045D839 /* Products */,
			);
			sourceTree = "<group>";
		};
		05BEF2322BB7C3BE0045D839 /* Products */ = {
			isa = PBXGroup;
			children = (
				05BEF2312BB7C3BE0045D839 /* Hijri Menu Bar.app */,
				05BEF2422BB7C3C00045D839 /* Hijri Menu BarTests.xctest */,
				05BEF24C2BB7C3C00045D839 /* Hijri Menu BarUITests.xctest */,
			);
			name = Products;
			sourceTree = "<group>";
		};
		05BEF2332BB7C3BE0045D839 /* Hijri Menu Bar */ = {
			isa = PBXGroup;
			children = (
				05BEF2342BB7C3BE0045D839 /* Hijri_Menu_BarApp.swift */,
				05BEF2362BB7C3BE0045D839 /* StatusItemView.swift */,
				054231AC2BB7C59A00A4B785 /* AppDelegate.swift */,
				05BEF2382BB7C3C00045D839 /* Assets.xcassets */,
				05BEF23D2BB7C3C00045D839 /* Hijri_Menu_Bar.entitlements */,
				05BEF23A2BB7C3C00045D839 /* Preview Content */,
				05FC92CF2BBC93EB002BDDC0 /* InstructionsView.swift */,
			);
			path = "Hijri Menu Bar";
			sourceTree = "<group>";
		};
		05BEF23A2BB7C3C00045D839 /* Preview Content */ = {
			isa = PBXGroup;
			children = (
				05BEF23B2BB7C3C00045D839 /* Preview Assets.xcassets */,
			);
			path = "Preview Content";
			sourceTree = "<group>";
		};
		05BEF2452BB7C3C00045D839 /* Hijri Menu BarTests */ = {
			isa = PBXGroup;
			children = (
				05BEF2462BB7C3C00045D839 /* Hijri_Menu_BarTests.swift */,
			);
			path = "Hijri Menu BarTests";
			sourceTree = "<group>";
		};
		05BEF24F2BB7C3C00045D839 /* Hijri Menu BarUITests */ = {
			isa = PBXGroup;
			children = (
				05BEF2502BB7C3C00045D839 /* Hijri_Menu_BarUITests.swift */,
				05BEF2522BB7C3C00045D839 /* Hijri_Menu_BarUITestsLaunchTests.swift */,
			);
			path = "Hijri Menu BarUITests";
			sourceTree = "<group>";
		};
/* End PBXGroup section */

/* Begin PBXNativeTarget section */
		05BEF2302BB7C3BE0045D839 /* Hijri Menu Bar */ = {
			isa = PBXNativeTarget;
			buildConfigurationList = 05BEF2562BB7C3C00045D839 /* Build configuration list for PBXNativeTarget "Hijri Menu Bar" */;
			buildPhases = (
				05BEF22D2BB7C3BE0045D839 /* Sources */,
				05BEF22E2BB7C3BE0045D839 /* Frameworks */,
				05BEF22F2BB7C3BE0045D839 /* Resources */,
			);
			buildRules = (
			);
			dependencies = (
			);
			name = "Hijri Menu Bar";
			productName = "Hijri Menu Bar";
			productReference = 05BEF2312BB7C3BE0045D839 /* Hijri Menu Bar.app */;
			productType = "com.apple.product-type.application";
		};
		05BEF2412BB7C3C00045D839 /* Hijri Menu BarTests */ = {
			isa = PBXNativeTarget;
			buildConfigurationList = 05BEF2592BB7C3C00045D839 /* Build configuration list for PBXNativeTarget "Hijri Menu BarTests" */;
			buildPhases = (
				05BEF23E2BB7C3C00045D839 /* Sources */,
				05BEF23F2BB7C3C00045D839 /* Frameworks */,
				05BEF2402BB7C3C00045D839 /* Resources */,
			);
			buildRules = (
			);
			dependencies = (
				05BEF2442BB7C3C00045D839 /* PBXTargetDependency */,
			);
			name = "Hijri Menu BarTests";
			productName = "Hijri Menu BarTests";
			productReference = 05BEF2422BB7C3C00045D839 /* Hijri Menu BarTests.xctest */;
			productType = "com.apple.product-type.bundle.unit-test";
		};
		05BEF24B2BB7C3C00045D839 /* Hijri Menu BarUITests */ = {
			isa = PBXNativeTarget;
			buildConfigurationList = 05BEF25C2BB7C3C00045D839 /* Build configuration list for PBXNativeTarget "Hijri Menu BarUITests" */;
			buildPhases = (
				05BEF2482BB7C3C00045D839 /* Sources */,
				05BEF2492BB7C3C00045D839 /* Frameworks */,
				05BEF24A2BB7C3C00045D839 /* Resources */,
			);
			buildRules = (
			);
			dependencies = (
				05BEF24E2BB7C3C00045D839 /* PBXTargetDependency */,
			);
			name = "Hijri Menu BarUITests";
			productName = "Hijri Menu BarUITests";
			productReference = 05BEF24C2BB7C3C00045D839 /* Hijri Menu BarUITests.xctest */;
			productType = "com.apple.product-type.bundle.ui-testing";
		};
/* End PBXNativeTarget section */

/* Begin PBXProject section */
		05BEF2292BB7C3BE0045D839 /* Project object */ = {
			isa = PBXProject;
			attributes = {
				BuildIndependentTargetsInParallel = 1;
				LastSwiftUpdateCheck = 1530;
				LastUpgradeCheck = 1530;
				TargetAttributes = {
					05BEF2302BB7C3BE0045D839 = {
						CreatedOnToolsVersion = 15.3;
					};
					05BEF2412BB7C3C00045D839 = {
						CreatedOnToolsVersion = 15.3;
						TestTargetID = 05BEF2302BB7C3BE0045D839;
					};
					05BEF24B2BB7C3C00045D839 = {
						CreatedOnToolsVersion = 15.3;
						TestTargetID = 05BEF2302BB7C3BE0045D839;
					};
				};
			};
			buildConfigurationList = 05BEF22C2BB7C3BE0045D839 /* Build configuration list for PBXProject "Hijri Menu Bar" */;
			compatibilityVersion = "Xcode 14.0";
			developmentRegion = en;
			hasScannedForEncodings = 0;
			knownRegions = (
				en,
				Base,
			);
			mainGroup = 05BEF2282BB7C3BE0045D839;
			packageReferences = (
				05FC92D12BBCCB26002BDDC0 /* XCRemoteSwiftPackageReference "LaunchAtLogin-Modern" */,
			);
			productRefGroup = 05BEF2322BB7C3BE0045D839 /* Products */;
			projectDirPath = "";
			projectRoot = "";
			targets = (
				05BEF2302BB7C3BE0045D839 /* Hijri Menu Bar */,
				05BEF2412BB7C3C00045D839 /* Hijri Menu BarTests */,
				05BEF24B2BB7C3C00045D839 /* Hijri Menu BarUITests */,
			);
		};
/* End PBXProject section */

/* Begin PBXResourcesBuildPhase section */
		05BEF22F2BB7C3BE0045D839 /* Resources */ = {
			isa = PBXResourcesBuildPhase;
			buildActionMask = 2147483647;
			files = (
				05BEF23C2BB7C3C00045D839 /* Preview Assets.xcassets in Resources */,
				05BEF2392BB7C3C00045D839 /* Assets.xcassets in Resources */,
			);
			runOnlyForDeploymentPostprocessing = 0;
		};
		05BEF2402BB7C3C00045D839 /* Resources */ = {
			isa = PBXResourcesBuildPhase;
			buildActionMask = 2147483647;
			files = (
			);
			runOnlyForDeploymentPostprocessing = 0;
		};
		05BEF24A2BB7C3C00045D839 /* Resources */ = {
			isa = PBXResourcesBuildPhase;
			buildActionMask = 2147483647;
			files = (
			);
			runOnlyForDeploymentPostprocessing = 0;
		};
/* End PBXResourcesBuildPhase section */

/* Begin PBXSourcesBuildPhase section */
		05BEF22D2BB7C3BE0045D839 /* Sources */ = {
			isa = PBXSourcesBuildPhase;
			buildActionMask = 2147483647;
			files = (
				054231AD2BB7C59A00A4B785 /* AppDelegate.swift in Sources */,
				05FC92D02BBC93EB002BDDC0 /* InstructionsView.swift in Sources */,
				05BEF2372BB7C3BE0045D839 /* StatusItemView.swift in Sources */,
				05BEF2352BB7C3BE0045D839 /* Hijri_Menu_BarApp.swift in Sources */,
			);
			runOnlyForDeploymentPostprocessing = 0;
		};
		05BEF23E2BB7C3C00045D839 /* Sources */ = {
			isa = PBXSourcesBuildPhase;
			buildActionMask = 2147483647;
			files = (
				05BEF2472BB7C3C00045D839 /* Hijri_Menu_BarTests.swift in Sources */,
			);
			runOnlyForDeploymentPostprocessing = 0;
		};
		05BEF2482BB7C3C00045D839 /* Sources */ = {
			isa = PBXSourcesBuildPhase;
			buildActionMask = 2147483647;
			files = (
				05BEF2532BB7C3C00045D839 /* Hijri_Menu_BarUITestsLaunchTests.swift in Sources */,
				05BEF2512BB7C3C00045D839 /* Hijri_Menu_BarUITests.swift in Sources */,
			);
			runOnlyForDeploymentPostprocessing = 0;
		};
/* End PBXSourcesBuildPhase section */

/* Begin PBXTargetDependency section */
		05BEF2442BB7C3C00045D839 /* PBXTargetDependency */ = {
			isa = PBXTargetDependency;
			target = 05BEF2302BB7C3BE0045D839 /* Hijri Menu Bar */;
			targetProxy = 05BEF2432BB7C3C00045D839 /* PBXContainerItemProxy */;
		};
		05BEF24E2BB7C3C00045D839 /* PBXTargetDependency */ = {
			isa = PBXTargetDependency;
			target = 05BEF2302BB7C3BE0045D839 /* Hijri Menu Bar */;
			targetProxy = 05BEF24D2BB7C3C00045D839 /* PBXContainerItemProxy */;
		};
/* End PBXTargetDependency section */

/* Begin XCBuildConfiguration section */
		05BEF2542BB7C3C00045D839 /* Debug */ = {
			isa = XCBuildConfiguration;
			buildSettings = {
				ALWAYS_SEARCH_USER_PATHS = NO;
				ASSETCATALOG_COMPILER_GENERATE_SWIFT_ASSET_SYMBOL_EXTENSIONS = YES;
				CLANG_ANALYZER_NONNULL = YES;
				CLANG_ANALYZER_NUMBER_OBJECT_CONVERSION = YES_AGGRESSIVE;
				CLANG_CXX_LANGUAGE_STANDARD = "gnu++20";
				CLANG_ENABLE_MODULES = YES;
				CLANG_ENABLE_OBJC_ARC = YES;
				CLANG_ENABLE_OBJC_WEAK = YES;
				CLANG_WARN_BLOCK_CAPTURE_AUTORELEASING = YES;
				CLANG_WARN_BOOL_CONVERSION = YES;
				CLANG_WARN_COMMA = YES;
				CLANG_WARN_CONSTANT_CONVERSION = YES;
				CLANG_WARN_DEPRECATED_OBJC_IMPLEMENTATIONS = YES;
				CLANG_WARN_DIRECT_OBJC_ISA_USAGE = YES_ERROR;
				CLANG_WARN_DOCUMENTATION_COMMENTS = YES;
				CLANG_WARN_EMPTY_BODY = YES;
				CLANG_WARN_ENUM_CONVERSION = YES;
				CLANG_WARN_INFINITE_RECURSION = YES;
				CLANG_WARN_INT_CONVERSION = YES;
				CLANG_WARN_NON_LITERAL_NULL_CONVERSION = YES;
				CLANG_WARN_OBJC_IMPLICIT_RETAIN_SELF = YES;
				CLANG_WARN_OBJC_LITERAL_CONVERSION = YES;
				CLANG_WARN_OBJC_ROOT_CLASS = YES_ERROR;
				CLANG_WARN_QUOTED_INCLUDE_IN_FRAMEWORK_HEADER = YES;
				CLANG_WARN_RANGE_LOOP_ANALYSIS = YES;
				CLANG_WARN_STRICT_PROTOTYPES = YES;
				CLANG_WARN_SUSPICIOUS_MOVE = YES;
				CLANG_WARN_UNGUARDED_AVAILABILITY = YES_AGGRESSIVE;
				CLANG_WARN_UNREACHABLE_CODE = YES;
				CLANG_WARN__DUPLICATE_METHOD_MATCH = YES;
				COPY_PHASE_STRIP = NO;
				DEBUG_INFORMATION_FORMAT = dwarf;
				ENABLE_STRICT_OBJC_MSGSEND = YES;
				ENABLE_TESTABILITY = YES;
				ENABLE_USER_SCRIPT_SANDBOXING = YES;
				GCC_C_LANGUAGE_STANDARD = gnu17;
				GCC_DYNAMIC_NO_PIC = NO;
				GCC_NO_COMMON_BLOCKS = YES;
				GCC_OPTIMIZATION_LEVEL = 0;
				GCC_PREPROCESSOR_DEFINITIONS = (
					"DEBUG=1",
					"$(inherited)",
				);
				GCC_WARN_64_TO_32_BIT_CONVERSION = YES;
				GCC_WARN_ABOUT_RETURN_TYPE = YES_ERROR;
				GCC_WARN_UNDECLARED_SELECTOR = YES;
				GCC_WARN_UNINITIALIZED_AUTOS = YES_AGGRESSIVE;
				GCC_WARN_UNUSED_FUNCTION = YES;
				GCC_WARN_UNUSED_VARIABLE = YES;
				LOCALIZATION_PREFERS_STRING_CATALOGS = YES;
				MACOSX_DEPLOYMENT_TARGET = 12.0;
				MTL_ENABLE_DEBUG_INFO = INCLUDE_SOURCE;
				MTL_FAST_MATH = YES;
				ONLY_ACTIVE_ARCH = YES;
				SDKROOT = macosx;
				SWIFT_ACTIVE_COMPILATION_CONDITIONS = "DEBUG $(inherited)";
				SWIFT_OPTIMIZATION_LEVEL = "-Onone";
			};
			name = Debug;
		};
		05BEF2552BB7C3C00045D839 /* Release */ = {
			isa = XCBuildConfiguration;
			buildSettings = {
				ALWAYS_SEARCH_USER_PATHS = NO;
				ASSETCATALOG_COMPILER_GENERATE_SWIFT_ASSET_SYMBOL_EXTENSIONS = YES;
				CLANG_ANALYZER_NONNULL = YES;
				CLANG_ANALYZER_NUMBER_OBJECT_CONVERSION = YES_AGGRESSIVE;
				CLANG_CXX_LANGUAGE_STANDARD = "gnu++20";
				CLANG_ENABLE_MODULES = YES;
				CLANG_ENABLE_OBJC_ARC = YES;
				CLANG_ENABLE_OBJC_WEAK = YES;
				CLANG_WARN_BLOCK_CAPTURE_AUTORELEASING = YES;
				CLANG_WARN_BOOL_CONVERSION = YES;
				CLANG_WARN_COMMA = YES;
				CLANG_WARN_CONSTANT_CONVERSION = YES;
				CLANG_WARN_DEPRECATED_OBJC_IMPLEMENTATIONS = YES;
				CLANG_WARN_DIRECT_OBJC_ISA_USAGE = YES_ERROR;
				CLANG_WARN_DOCUMENTATION_COMMENTS = YES;
				CLANG_WARN_EMPTY_BODY = YES;
				CLANG_WARN_ENUM_CONVERSION = YES;
				CLANG_WARN_INFINITE_RECURSION = YES;
				CLANG_WARN_INT_CONVERSION = YES;
				CLANG_WARN_NON_LITERAL_NULL_CONVERSION = YES;
				CLANG_WARN_OBJC_IMPLICIT_RETAIN_SELF = YES;
				CLANG_WARN_OBJC_LITERAL_CONVERSION = YES;
				CLANG_WARN_OBJC_ROOT_CLASS = YES_ERROR;
				CLANG_WARN_QUOTED_INCLUDE_IN_FRAMEWORK_HEADER = YES;
				CLANG_WARN_RANGE_LOOP_ANALYSIS = YES;
				CLANG_WARN_STRICT_PROTOTYPES = YES;
				CLANG_WARN_SUSPICIOUS_MOVE = YES;
				CLANG_WARN_UNGUARDED_AVAILABILITY = YES_AGGRESSIVE;
				CLANG_WARN_UNREACHABLE_CODE = YES;
				CLANG_WARN__DUPLICATE_METHOD_MATCH = YES;
				COPY_PHASE_STRIP = NO;
				DEBUG_INFORMATION_FORMAT = "dwarf-with-dsym";
				ENABLE_NS_ASSERTIONS = NO;
				ENABLE_STRICT_OBJC_MSGSEND = YES;
				ENABLE_USER_SCRIPT_SANDBOXING = YES;
				GCC_C_LANGUAGE_STANDARD = gnu17;
				GCC_NO_COMMON_BLOCKS = YES;
				GCC_WARN_64_TO_32_BIT_CONVERSION = YES;
				GCC_WARN_ABOUT_RETURN_TYPE = YES_ERROR;
				GCC_WARN_UNDECLARED_SELECTOR = YES;
				GCC_WARN_UNINITIALIZED_AUTOS = YES_AGGRESSIVE;
				GCC_WARN_UNUSED_FUNCTION = YES;
				GCC_WARN_UNUSED_VARIABLE = YES;
				LOCALIZATION_PREFERS_STRING_CATALOGS = YES;
				MACOSX_DEPLOYMENT_TARGET = 12.0;
				MTL_ENABLE_DEBUG_INFO = NO;
				MTL_FAST_MATH = YES;
				ONLY_ACTIVE_ARCH = YES;
				SDKROOT = macosx;
				SWIFT_COMPILATION_MODE = wholemodule;
			};
			name = Release;
		};
		05BEF2572BB7C3C00045D839 /* Debug */ = {
			isa = XCBuildConfiguration;
			buildSettings = {
				ASSETCATALOG_COMPILER_APPICON_NAME = AppIcon;
				ASSETCATALOG_COMPILER_GLOBAL_ACCENT_COLOR_NAME = AccentColor;
				CLANG_USE_OPTIMIZATION_PROFILE = YES;
				CODE_SIGN_ENTITLEMENTS = "Hijri Menu Bar/Hijri_Menu_Bar.entitlements";
				"CODE_SIGN_IDENTITY[sdk=macosx*]" = "Apple Development";
				CODE_SIGN_STYLE = Automatic;
				COMBINE_HIDPI_IMAGES = YES;
				CURRENT_PROJECT_VERSION = 1;
				DEVELOPMENT_ASSET_PATHS = "\"Hijri Menu Bar/Preview Content\"";
				DEVELOPMENT_TEAM = 3V3S3P5GXF;
				ENABLE_HARDENED_RUNTIME = YES;
				ENABLE_PREVIEWS = YES;
				GENERATE_INFOPLIST_FILE = YES;
				INFOPLIST_KEY_NSHumanReadableCopyright = "";
				LD_RUNPATH_SEARCH_PATHS = (
					"$(inherited)",
					"@executable_path/../Frameworks",
				);
				MARKETING_VERSION = 0.3.1;
				PRODUCT_BUNDLE_IDENTIFIER = "enamulali.Hijri-Menu-Bar";
				PRODUCT_NAME = "$(TARGET_NAME)";
				SWIFT_EMIT_LOC_STRINGS = YES;
				SWIFT_VERSION = 5.0;
			};
			name = Debug;
		};
		05BEF2582BB7C3C00045D839 /* Release */ = {
			isa = XCBuildConfiguration;
			buildSettings = {
				ASSETCATALOG_COMPILER_APPICON_NAME = AppIcon;
				ASSETCATALOG_COMPILER_GLOBAL_ACCENT_COLOR_NAME = AccentColor;
				CLANG_USE_OPTIMIZATION_PROFILE = YES;
				CODE_SIGN_ENTITLEMENTS = "Hijri Menu Bar/Hijri_Menu_Bar.entitlements";
				"CODE_SIGN_IDENTITY[sdk=macosx*]" = "Apple Development";
				CODE_SIGN_STYLE = Automatic;
				COMBINE_HIDPI_IMAGES = YES;
				CURRENT_PROJECT_VERSION = 1;
				DEVELOPMENT_ASSET_PATHS = "\"Hijri Menu Bar/Preview Content\"";
				DEVELOPMENT_TEAM = 3V3S3P5GXF;
				ENABLE_HARDENED_RUNTIME = YES;
				ENABLE_PREVIEWS = YES;
				GENERATE_INFOPLIST_FILE = YES;
				INFOPLIST_KEY_NSHumanReadableCopyright = "";
				LD_RUNPATH_SEARCH_PATHS = (
					"$(inherited)",
					"@executable_path/../Frameworks",
				);
				MARKETING_VERSION = 0.3.1;
				PRODUCT_BUNDLE_IDENTIFIER = "enamulali.Hijri-Menu-Bar";
				PRODUCT_NAME = "$(TARGET_NAME)";
				SWIFT_EMIT_LOC_STRINGS = YES;
				SWIFT_VERSION = 5.0;
			};
			name = Release;
		};
		05BEF25A2BB7C3C00045D839 /* Debug */ = {
			isa = XCBuildConfiguration;
			buildSettings = {
				ALWAYS_EMBED_SWIFT_STANDARD_LIBRARIES = YES;
				BUNDLE_LOADER = "$(TEST_HOST)";
				CODE_SIGN_STYLE = Automatic;
				CURRENT_PROJECT_VERSION = 1;
				DEVELOPMENT_TEAM = 3V3S3P5GXF;
				GENERATE_INFOPLIST_FILE = YES;
				MACOSX_DEPLOYMENT_TARGET = 14.4;
				MARKETING_VERSION = 1.0;
				PRODUCT_BUNDLE_IDENTIFIER = "enamul97.Hijri-Menu-BarTests";
				PRODUCT_NAME = "$(TARGET_NAME)";
				SWIFT_EMIT_LOC_STRINGS = NO;
				SWIFT_VERSION = 5.0;
				TEST_HOST = "$(BUILT_PRODUCTS_DIR)/Hijri Menu Bar.app/$(BUNDLE_EXECUTABLE_FOLDER_PATH)/Hijri Menu Bar";
			};
			name = Debug;
		};
		05BEF25B2BB7C3C00045D839 /* Release */ = {
			isa = XCBuildConfiguration;
			buildSettings = {
				ALWAYS_EMBED_SWIFT_STANDARD_LIBRARIES = YES;
				BUNDLE_LOADER = "$(TEST_HOST)";
				CODE_SIGN_STYLE = Automatic;
				CURRENT_PROJECT_VERSION = 1;
				DEVELOPMENT_TEAM = 3V3S3P5GXF;
				GENERATE_INFOPLIST_FILE = YES;
				MACOSX_DEPLOYMENT_TARGET = 14.4;
				MARKETING_VERSION = 1.0;
				PRODUCT_BUNDLE_IDENTIFIER = "enamul97.Hijri-Menu-BarTests";
				PRODUCT_NAME = "$(TARGET_NAME)";
				SWIFT_EMIT_LOC_STRINGS = NO;
				SWIFT_VERSION = 5.0;
				TEST_HOST = "$(BUILT_PRODUCTS_DIR)/Hijri Menu Bar.app/$(BUNDLE_EXECUTABLE_FOLDER_PATH)/Hijri Menu Bar";
			};
			name = Release;
		};
		05BEF25D2BB7C3C00045D839 /* Debug */ = {
			isa = XCBuildConfiguration;
			buildSettings = {
				ALWAYS_EMBED_SWIFT_STANDARD_LIBRARIES = YES;
				CODE_SIGN_STYLE = Automatic;
				CURRENT_PROJECT_VERSION = 1;
				DEVELOPMENT_TEAM = 3V3S3P5GXF;
				GENERATE_INFOPLIST_FILE = YES;
				MARKETING_VERSION = 1.0;
				PRODUCT_BUNDLE_IDENTIFIER = "enamul97.Hijri-Menu-BarUITests";
				PRODUCT_NAME = "$(TARGET_NAME)";
				SWIFT_EMIT_LOC_STRINGS = NO;
				SWIFT_VERSION = 5.0;
				TEST_TARGET_NAME = "Hijri Menu Bar";
			};
			name = Debug;
		};
		05BEF25E2BB7C3C00045D839 /* Release */ = {
			isa = XCBuildConfiguration;
			buildSettings = {
				ALWAYS_EMBED_SWIFT_STANDARD_LIBRARIES = YES;
				CODE_SIGN_STYLE = Automatic;
				CURRENT_PROJECT_VERSION = 1;
				DEVELOPMENT_TEAM = 3V3S3P5GXF;
				GENERATE_INFOPLIST_FILE = YES;
				MARKETING_VERSION = 1.0;
				PRODUCT_BUNDLE_IDENTIFIER = "enamul97.Hijri-Menu-BarUITests";
				PRODUCT_NAME = "$(TARGET_NAME)";
				SWIFT_EMIT_LOC_STRINGS = NO;
				SWIFT_VERSION = 5.0;
				TEST_TARGET_NAME = "Hijri Menu Bar";
			};
			name = Release;
		};
/* End XCBuildConfiguration section */

/* Begin XCConfigurationList section */
		05BEF22C2BB7C3BE0045D839 /* Build configuration list for PBXProject "Hijri Menu Bar" */ = {
			isa = XCConfigurationList;
			buildConfigurations = (
				05BEF2542BB7C3C00045D839 /* Debug */,
				05BEF2552BB7C3C00045D839 /* Release */,
			);
			defaultConfigurationIsVisible = 0;
			defaultConfigurationName = Release;
		};
		05BEF2562BB7C3C00045D839 /* Build configuration list for PBXNativeTarget "Hijri Menu Bar" */ = {
			isa = XCConfigurationList;
			buildConfigurations = (
				05BEF2572BB7C3C00045D839 /* Debug */,
				05BEF2582BB7C3C00045D839 /* Release */,
			);
			defaultConfigurationIsVisible = 0;
			defaultConfigurationName = Release;
		};
		05BEF2592BB7C3C00045D839 /* Build configuration list for PBXNativeTarget "Hijri Menu BarTests" */ = {
			isa = XCConfigurationList;
			buildConfigurations = (
				05BEF25A2BB7C3C00045D839 /* Debug */,
				05BEF25B2BB7C3C00045D839 /* Release */,
			);
			defaultConfigurationIsVisible = 0;
			defaultConfigurationName = Release;
		};
		05BEF25C2BB7C3C00045D839 /* Build configuration list for PBXNativeTarget "Hijri Menu BarUITests" */ = {
			isa = XCConfigurationList;
			buildConfigurations = (
				05BEF25D2BB7C3C00045D839 /* Debug */,
				05BEF25E2BB7C3C00045D839 /* Release */,
			);
			defaultConfigurationIsVisible = 0;
			defaultConfigurationName = Release;
		};
/* End XCConfigurationList section */

/* Begin XCRemoteSwiftPackageReference section */
		05FC92D12BBCCB26002BDDC0 /* XCRemoteSwiftPackageReference "LaunchAtLogin-Modern" */ = {
			isa = XCRemoteSwiftPackageReference;
			repositoryURL = "https://github.com/sindresorhus/LaunchAtLogin-Modern";
			requirement = {
				branch = main;
				kind = branch;
			};
		};
/* End XCRemoteSwiftPackageReference section */
	};
	rootObject = 05BEF2292BB7C3BE0045D839 /* Project object */;
}
